# THIS IS AN AUTOGENERATED FILE. DO NOT EDIT THIS FILE DIRECTLY.
# yarn lockfile v1


subtitle@^2.0.1:
  version "2.0.1"
  resolved "https://registry.yarnpkg.com/subtitle/-/subtitle-2.0.1.tgz#f5b2fac134ad68d29acc40be5ecf9169d09ae746"
  integrity sha512-UF7mWIAymei+zb9N5oNsLXmYR3nB4sWgG6rACYpIWZd7Cv7rRZZkjrz7qfpCUvjoQ10Za8uljG6AKRIWoMC52Q==
  dependencies:
    zero-fill "^2.2.3"

zero-fill@^2.2.3:
  version "2.2.3"
  resolved "https://registry.yarnpkg.com/zero-fill/-/zero-fill-2.2.3.tgz#a3def06ba5e39ae644850bb4ca2ad4112b4855e9"
  integrity sha1-o97wa6XjmuZEhQu0yirUEStIVek=
